
Microsoft Visual Studio Solution File, Format Version 12.00
# Visual Studio Version 16
VisualStudioVersion = 16.0.30114.105
MinimumVisualStudioVersion = 10.0.40219.1
Project("{9A19103F-16F7-4668-BE54-9A1E7A4F7556}") = "API", "API\API.csproj", "{329596A7-596E-440F-B0B2-6A0DA208E906}"
EndProject
Global
	GlobalSection(SolutionConfigurationPlatforms) = preSolution
		Debug|Any CPU = Debug|Any CPU
		Debug|x64 = Debug|x64
		Debug|x86 = Debug|x86
		Release|Any CPU = Release|Any CPU
		Release|x64 = Release|x64
		Release|x86 = Release|x86
	EndGlobalSection
	GlobalSection(ProjectConfigurationPlatforms) = postSolution
		{329596A7-596E-440F-B0B2-6A0DA208E906}.Debug|Any CPU.ActiveCfg = Debug|Any CPU
		{329596A7-596E-440F-B0B2-6A0DA208E906}.Debug|Any CPU.Build.0 = Debug|Any CPU
		{329596A7-596E-440F-B0B2-6A0DA208E906}.Debug|x64.ActiveCfg = Debug|Any CPU
		{329596A7-596E-440F-B0B2-6A0DA208E906}.Debug|x64.Build.0 = Debug|Any CPU
		{329596A7-596E-440F-B0B2-6A0DA208E906}.Debug|x86.ActiveCfg = Debug|Any CPU
		{329596A7-596E-440F-B0B2-6A0DA208E906}.Debug|x86.Build.0 = Debug|Any CPU
		{329596A7-596E-440F-B0B2-6A0DA208E906}.Release|Any CPU.ActiveCfg = Release|Any CPU
		{329596A7-596E-440F-B0B2-6A0DA208E906}.Release|Any CPU.Build.0 = Release|Any CPU
		{329596A7-596E-440F-B0B2-6A0DA208E906}.Release|x64.ActiveCfg = Release|Any CPU
		{329596A7-596E-440F-B0B2-6A0DA208E906}.Release|x64.Build.0 = Release|Any CPU
		{329596A7-596E-440F-B0B2-6A0DA208E906}.Release|x86.ActiveCfg = Release|Any CPU
		{329596A7-596E-440F-B0B2-6A0DA208E906}.Release|x86.Build.0 = Release|Any CPU
	EndGlobalSection
	GlobalSection(SolutionProperties) = preSolution
		HideSolutionNode = FALSE
	EndGlobalSection
	GlobalSection(ExtensibilityGlobals) = postSolution
		SolutionGuid = {3A2B9C0E-090C-4E24-B0DF-0D6680AC30C6}
	EndGlobalSection
EndGlobal
